{
    "version": 3,
    "terraform_version": "0.11.13",
    "serial": 4,
    "lineage": "798fca34-8e67-1bf9-1515-dfe21a5949a1",
    "modules": [
        {
            "path": [
                "root"
            ],
            "outputs": {
                "nginx_public_ip": {
                    "sensitive": false,
                    "type": "list",
                    "value": []
                }
            },
            "resources": {
                "google_compute_disk.disk-nginx.0": {
                    "type": "google_compute_disk",
                    "depends_on": [],
                    "primary": {
                        "id": "disk-nginx-1",
                        "attributes": {
                            "creation_timestamp": "2019-04-12T02:51:00.194-07:00",
                            "description": "",
                            "disk_encryption_key.#": "0",
                            "id": "disk-nginx-1",
                            "image": "https://www.googleapis.com/compute/v1/projects/debian-cloud/global/images/debian-9-stretch-v20190326",
                            "label_fingerprint": "42WmSpB8rSM=",
                            "labels.%": "0",
                            "last_attach_timestamp": "2019-04-12T02:52:45.028-07:00",
                            "last_detach_timestamp": "",
                            "name": "disk-nginx-1",
                            "physical_block_size_bytes": "4096",
                            "project": "terraform-project-237408",
                            "self_link": "https://www.googleapis.com/compute/v1/projects/terraform-project-237408/zones/us-central1-a/disks/disk-nginx-1",
                            "size": "10",
                            "snapshot": "",
                            "source_image_encryption_key.#": "0",
                            "source_image_id": "6831652533131678657",
                            "source_snapshot_encryption_key.#": "0",
                            "source_snapshot_id": "",
                            "type": "pd-standard",
                            "users.#": "1",
                            "users.0": "https://www.googleapis.com/compute/v1/projects/terraform-project-237408/zones/us-central1-a/instances/nginx-1",
                            "zone": "us-central1-a"
                        },
                        "meta": {
                            "e2bfb730-ecaa-11e6-8f88-34363bc7c4c0": {
                                "create": 300000000000,
                                "delete": 240000000000,
                                "update": 240000000000
                            }
                        },
                        "tainted": false
                    },
                    "deposed": [],
                    "provider": "provider.google"
                },
                "google_compute_disk.disk-nginx.1": {
                    "type": "google_compute_disk",
                    "depends_on": [],
                    "primary": {
                        "id": "disk-nginx-2",
                        "attributes": {
                            "creation_timestamp": "2019-04-12T02:51:00.209-07:00",
                            "description": "",
                            "disk_encryption_key.#": "0",
                            "id": "disk-nginx-2",
                            "image": "https://www.googleapis.com/compute/v1/projects/debian-cloud/global/images/debian-9-stretch-v20190326",
                            "label_fingerprint": "42WmSpB8rSM=",
                            "labels.%": "0",
                            "last_attach_timestamp": "2019-04-12T02:52:45.104-07:00",
                            "last_detach_timestamp": "",
                            "name": "disk-nginx-2",
                            "physical_block_size_bytes": "4096",
                            "project": "terraform-project-237408",
                            "self_link": "https://www.googleapis.com/compute/v1/projects/terraform-project-237408/zones/us-central1-a/disks/disk-nginx-2",
                            "size": "10",
                            "snapshot": "",
                            "source_image_encryption_key.#": "0",
                            "source_image_id": "6831652533131678657",
                            "source_snapshot_encryption_key.#": "0",
                            "source_snapshot_id": "",
                            "type": "pd-standard",
                            "users.#": "1",
                            "users.0": "https://www.googleapis.com/compute/v1/projects/terraform-project-237408/zones/us-central1-a/instances/nginx-2",
                            "zone": "us-central1-a"
                        },
                        "meta": {
                            "e2bfb730-ecaa-11e6-8f88-34363bc7c4c0": {
                                "create": 300000000000,
                                "delete": 240000000000,
                                "update": 240000000000
                            }
                        },
                        "tainted": false
                    },
                    "deposed": [],
                    "provider": "provider.google"
                },
                "google_compute_disk.disk-nginx.2": {
                    "type": "google_compute_disk",
                    "depends_on": [],
                    "primary": {
                        "id": "disk-nginx-3",
                        "attributes": {
                            "creation_timestamp": "2019-04-12T02:59:50.295-07:00",
                            "description": "",
                            "disk_encryption_key.#": "0",
                            "id": "disk-nginx-3",
                            "image": "https://www.googleapis.com/compute/v1/projects/debian-cloud/global/images/debian-9-stretch-v20190326",
                            "label_fingerprint": "42WmSpB8rSM=",
                            "labels.%": "0",
                            "last_attach_timestamp": "",
                            "last_detach_timestamp": "",
                            "name": "disk-nginx-3",
                            "physical_block_size_bytes": "4096",
                            "project": "terraform-project-237408",
                            "self_link": "https://www.googleapis.com/compute/v1/projects/terraform-project-237408/zones/us-central1-a/disks/disk-nginx-3",
                            "size": "10",
                            "snapshot": "",
                            "source_image_encryption_key.#": "0",
                            "source_image_id": "6831652533131678657",
                            "source_snapshot_encryption_key.#": "0",
                            "source_snapshot_id": "",
                            "type": "pd-standard",
                            "users.#": "0",
                            "zone": "us-central1-a"
                        },
                        "meta": {
                            "e2bfb730-ecaa-11e6-8f88-34363bc7c4c0": {
                                "create": 300000000000,
                                "delete": 240000000000,
                                "update": 240000000000
                            }
                        },
                        "tainted": false
                    },
                    "deposed": [],
                    "provider": "provider.google"
                },
                "google_compute_disk.disk-nginx.3": {
                    "type": "google_compute_disk",
                    "depends_on": [],
                    "primary": {
                        "id": "disk-nginx-4",
                        "attributes": {
                            "creation_timestamp": "2019-04-12T02:59:50.376-07:00",
                            "description": "",
                            "disk_encryption_key.#": "0",
                            "id": "disk-nginx-4",
                            "image": "https://www.googleapis.com/compute/v1/projects/debian-cloud/global/images/debian-9-stretch-v20190326",
                            "label_fingerprint": "42WmSpB8rSM=",
                            "labels.%": "0",
                            "last_attach_timestamp": "",
                            "last_detach_timestamp": "",
                            "name": "disk-nginx-4",
                            "physical_block_size_bytes": "4096",
                            "project": "terraform-project-237408",
                            "self_link": "https://www.googleapis.com/compute/v1/projects/terraform-project-237408/zones/us-central1-a/disks/disk-nginx-4",
                            "size": "10",
                            "snapshot": "",
                            "source_image_encryption_key.#": "0",
                            "source_image_id": "6831652533131678657",
                            "source_snapshot_encryption_key.#": "0",
                            "source_snapshot_id": "",
                            "type": "pd-standard",
                            "users.#": "0",
                            "zone": "us-central1-a"
                        },
                        "meta": {
                            "e2bfb730-ecaa-11e6-8f88-34363bc7c4c0": {
                                "create": 300000000000,
                                "delete": 240000000000,
                                "update": 240000000000
                            }
                        },
                        "tainted": false
                    },
                    "deposed": [],
                    "provider": "provider.google"
                },
                "google_compute_disk.disk-nginx.4": {
                    "type": "google_compute_disk",
                    "depends_on": [],
                    "primary": {
                        "id": "disk-nginx-5",
                        "attributes": {
                            "creation_timestamp": "2019-04-12T02:59:50.496-07:00",
                            "description": "",
                            "disk_encryption_key.#": "0",
                            "id": "disk-nginx-5",
                            "image": "https://www.googleapis.com/compute/v1/projects/debian-cloud/global/images/debian-9-stretch-v20190326",
                            "label_fingerprint": "42WmSpB8rSM=",
                            "labels.%": "0",
                            "last_attach_timestamp": "",
                            "last_detach_timestamp": "",
                            "name": "disk-nginx-5",
                            "physical_block_size_bytes": "4096",
                            "project": "terraform-project-237408",
                            "self_link": "https://www.googleapis.com/compute/v1/projects/terraform-project-237408/zones/us-central1-a/disks/disk-nginx-5",
                            "size": "10",
                            "snapshot": "",
                            "source_image_encryption_key.#": "0",
                            "source_image_id": "6831652533131678657",
                            "source_snapshot_encryption_key.#": "0",
                            "source_snapshot_id": "",
                            "type": "pd-standard",
                            "users.#": "0",
                            "zone": "us-central1-a"
                        },
                        "meta": {
                            "e2bfb730-ecaa-11e6-8f88-34363bc7c4c0": {
                                "create": 300000000000,
                                "delete": 240000000000,
                                "update": 240000000000
                            }
                        },
                        "tainted": false
                    },
                    "deposed": [],
                    "provider": "provider.google"
                },
                "google_compute_firewall.http-nginx": {
                    "type": "google_compute_firewall",
                    "depends_on": [
                        "google_compute_network.default"
                    ],
                    "primary": {
                        "id": "http-nginx",
                        "attributes": {
                            "allow.#": "1",
                            "allow.1250112605.ports.#": "2",
                            "allow.1250112605.ports.0": "80",
                            "allow.1250112605.ports.1": "443",
                            "allow.1250112605.protocol": "tcp",
                            "creation_timestamp": "2019-04-12T02:52:16.743-07:00",
                            "deny.#": "0",
                            "description": "",
                            "destination_ranges.#": "0",
                            "direction": "INGRESS",
                            "disabled": "false",
                            "id": "http-nginx",
                            "name": "http-nginx",
                            "network": "https://www.googleapis.com/compute/v1/projects/terraform-project-237408/global/networks/custom-network1",
                            "priority": "1000",
                            "project": "terraform-project-237408",
                            "self_link": "https://www.googleapis.com/compute/v1/projects/terraform-project-237408/global/firewalls/http-nginx",
                            "source_ranges.#": "1",
                            "source_ranges.1080289494": "0.0.0.0/0",
                            "source_service_accounts.#": "0",
                            "source_tags.#": "0",
                            "target_service_accounts.#": "0",
                            "target_tags.#": "1",
                            "target_tags.2759310851": "nginx"
                        },
                        "meta": {
                            "e2bfb730-ecaa-11e6-8f88-34363bc7c4c0": {
                                "create": 240000000000,
                                "delete": 240000000000,
                                "update": 240000000000
                            },
                            "schema_version": "1"
                        },
                        "tainted": false
                    },
                    "deposed": [],
                    "provider": "provider.google"
                },
                "google_compute_firewall.ssh-nginx": {
                    "type": "google_compute_firewall",
                    "depends_on": [
                        "google_compute_network.default"
                    ],
                    "primary": {
                        "id": "ssh-nginx",
                        "attributes": {
                            "allow.#": "1",
                            "allow.803338340.ports.#": "1",
                            "allow.803338340.ports.0": "22",
                            "allow.803338340.protocol": "tcp",
                            "creation_timestamp": "2019-04-12T02:52:16.690-07:00",
                            "deny.#": "0",
                            "description": "",
                            "destination_ranges.#": "0",
                            "direction": "INGRESS",
                            "disabled": "false",
                            "id": "ssh-nginx",
                            "name": "ssh-nginx",
                            "network": "https://www.googleapis.com/compute/v1/projects/terraform-project-237408/global/networks/custom-network1",
                            "priority": "1000",
                            "project": "terraform-project-237408",
                            "self_link": "https://www.googleapis.com/compute/v1/projects/terraform-project-237408/global/firewalls/ssh-nginx",
                            "source_ranges.#": "1",
                            "source_ranges.1080289494": "0.0.0.0/0",
                            "source_service_accounts.#": "0",
                            "source_tags.#": "0",
                            "target_service_accounts.#": "0",
                            "target_tags.#": "1",
                            "target_tags.2759310851": "nginx"
                        },
                        "meta": {
                            "e2bfb730-ecaa-11e6-8f88-34363bc7c4c0": {
                                "create": 240000000000,
                                "delete": 240000000000,
                                "update": 240000000000
                            },
                            "schema_version": "1"
                        },
                        "tainted": false
                    },
                    "deposed": [],
                    "provider": "provider.google"
                },
                "google_compute_network.default": {
                    "type": "google_compute_network",
                    "depends_on": [],
                    "primary": {
                        "id": "custom-network1",
                        "attributes": {
                            "auto_create_subnetworks": "false",
                            "description": "",
                            "gateway_ipv4": "",
                            "id": "custom-network1",
                            "ipv4_range": "",
                            "name": "custom-network1",
                            "project": "terraform-project-237408",
                            "routing_mode": "REGIONAL",
                            "self_link": "https://www.googleapis.com/compute/v1/projects/terraform-project-237408/global/networks/custom-network1"
                        },
                        "meta": {
                            "e2bfb730-ecaa-11e6-8f88-34363bc7c4c0": {
                                "create": 240000000000,
                                "delete": 240000000000,
                                "update": 240000000000
                            }
                        },
                        "tainted": false
                    },
                    "deposed": [],
                    "provider": "provider.google"
                },
                "google_compute_subnetwork.net1": {
                    "type": "google_compute_subnetwork",
                    "depends_on": [
                        "google_compute_network.default"
                    ],
                    "primary": {
                        "id": "us-central1/net1",
                        "attributes": {
                            "creation_timestamp": "2019-04-12T02:52:16.993-07:00",
                            "description": "",
                            "enable_flow_logs": "false",
                            "fingerprint": "7C1puNUWWxs=",
                            "gateway_address": "192.168.0.1",
                            "id": "us-central1/net1",
                            "ip_cidr_range": "192.168.0.0/24",
                            "name": "net1",
                            "network": "https://www.googleapis.com/compute/v1/projects/terraform-project-237408/global/networks/custom-network1",
                            "private_ip_google_access": "false",
                            "project": "terraform-project-237408",
                            "region": "us-central1",
                            "secondary_ip_range.#": "0",
                            "self_link": "https://www.googleapis.com/compute/v1/projects/terraform-project-237408/regions/us-central1/subnetworks/net1"
                        },
                        "meta": {
                            "e2bfb730-ecaa-11e6-8f88-34363bc7c4c0": {
                                "create": 360000000000,
                                "delete": 360000000000,
                                "update": 360000000000
                            }
                        },
                        "tainted": false
                    },
                    "deposed": [],
                    "provider": "provider.google"
                }
            },
            "depends_on": []
        }
    ]
}
